
Microsoft Visual Studio Solution File, Format Version 12.00
Project("{FAE04EC0-301F-11D3-BF4B-00C04F79EFBC}") = "WebApp", "WebApp\WebApp.csproj", "{141D9AA1-4321-4848-BD73-8F4DC0846BDA}"
EndProject
Project("{2150E333-8FDC-42A3-9474-1A3956D46DE8}") = "App", "App", "{30F6E48C-9ED1-4FD5-B447-CB310BDF0496}"
EndProject
Project("{2150E333-8FDC-42A3-9474-1A3956D46DE8}") = "Base.Contracts", "Base.Contracts", "{3C6437A9-6D2B-455C-845A-135DB974C8ED}"
EndProject
Project("{2150E333-8FDC-42A3-9474-1A3956D46DE8}") = "Base", "Base", "{1C3F8148-96C9-4BA8-9919-6CD8C4D61466}"
EndProject
Project("{2150E333-8FDC-42A3-9474-1A3956D46DE8}") = "SolutionItems", "SolutionItems", "{6D8319CB-9A1A-4CDC-A910-69C58C468039}"
	ProjectSection(SolutionItems) = preProject
		README.md = README.md
		docker-compose.yml = docker-compose.yml
		.gitignore = .gitignore
		.dockerignore = .dockerignore
		Dockerfile = Dockerfile
	EndProjectSection
EndProject
Project("{FAE04EC0-301F-11D3-BF4B-00C04F79EFBC}") = "Base.Domain", "Base.Domain\Base.Domain.csproj", "{2053D940-BD2E-4BDE-A61A-23A22E017ED5}"
EndProject
Project("{FAE04EC0-301F-11D3-BF4B-00C04F79EFBC}") = "Base.Contracts.Domain", "Base.Contracts.Domain\Base.Contracts.Domain.csproj", "{8C61D429-6C28-425E-8587-28E5CAC43578}"
EndProject
Project("{FAE04EC0-301F-11D3-BF4B-00C04F79EFBC}") = "App.DAL.EF", "App.DAL.EF\App.DAL.EF.csproj", "{8E080AD5-DE18-45CA-903A-67A7E42B4C4F}"
EndProject
Project("{FAE04EC0-301F-11D3-BF4B-00C04F79EFBC}") = "App.Domain", "App.Domain\App.Domain.csproj", "{442CA53A-0E37-4313-A07D-E84433B924F0}"
EndProject
Project("{FAE04EC0-301F-11D3-BF4B-00C04F79EFBC}") = "App.Resources", "App.Resources\App.Resources.csproj", "{59B7ACEB-FC67-4723-BEF1-8A51DB5CDF27}"
EndProject
Project("{FAE04EC0-301F-11D3-BF4B-00C04F79EFBC}") = "App.Contracts.DAL", "App.Contracts.DAL\App.Contracts.DAL.csproj", "{A903DC6E-C5F3-41AF-BF20-68F07CF8634D}"
EndProject
Project("{FAE04EC0-301F-11D3-BF4B-00C04F79EFBC}") = "Base.Contracts.DAL", "Base.Contracts.DAL\Base.Contracts.DAL.csproj", "{F7230365-AD1F-47C5-966C-FCF97C0A9DA6}"
EndProject
Project("{FAE04EC0-301F-11D3-BF4B-00C04F79EFBC}") = "Base.Resources", "Base.Resources\Base.Resources.csproj", "{A754F3E0-1FAF-43A9-A35F-DBB7B0FC1F2B}"
EndProject
Project("{FAE04EC0-301F-11D3-BF4B-00C04F79EFBC}") = "Base.DAL.EF", "Base.DAL.EF\Base.DAL.EF.csproj", "{B44A2B1B-04E1-4AB4-AAD4-55BC340928D1}"
EndProject
Project("{FAE04EC0-301F-11D3-BF4B-00C04F79EFBC}") = "Base.Extensions", "Base.Extensions\Base.Extensions.csproj", "{FBF76B98-42E9-4644-8EE2-960D784EA04F}"
EndProject
Project("{FAE04EC0-301F-11D3-BF4B-00C04F79EFBC}") = "Base.Contracts.Base", "Base.Contracts.Base\Base.Contracts.Base.csproj", "{E5680C09-C196-43BD-A668-B2D77D4DA035}"
EndProject
Project("{FAE04EC0-301F-11D3-BF4B-00C04F79EFBC}") = "Base.Contracts.BLL", "Base.Contracts.BLL\Base.Contracts.BLL.csproj", "{7F0199D8-3A66-457F-9973-4A5635AF1285}"
EndProject
Project("{FAE04EC0-301F-11D3-BF4B-00C04F79EFBC}") = "Base.BLL", "Base.BLL\Base.BLL.csproj", "{D754FDC0-6BF3-4FC4-B591-9767458E0478}"
EndProject
Project("{FAE04EC0-301F-11D3-BF4B-00C04F79EFBC}") = "Base.DAL", "Base.DAL\Base.DAL.csproj", "{7C9DA3A2-614E-4495-9BB5-6DF2340F328B}"
EndProject
Project("{FAE04EC0-301F-11D3-BF4B-00C04F79EFBC}") = "App.BLL", "App.BLL\App.BLL.csproj", "{F7E848AA-DFC4-4117-A6CF-0F54783E22DF}"
EndProject
Project("{FAE04EC0-301F-11D3-BF4B-00C04F79EFBC}") = "App.Contracts.BLL", "App.Contracts.BLL\App.Contracts.BLL.csproj", "{7F7D3903-E8F4-4CA4-B3AB-0714AB8D55F4}"
EndProject
Project("{FAE04EC0-301F-11D3-BF4B-00C04F79EFBC}") = "App.BLL.DTO", "App.BLL.DTO\App.BLL.DTO.csproj", "{08F6CC76-ADBC-4C22-A8BE-35CB09398D2C}"
EndProject
Project("{FAE04EC0-301F-11D3-BF4B-00C04F79EFBC}") = "App.DAL.DTO", "App.DAL.DTO\App.DAL.DTO.csproj", "{9A627BF0-CC9B-448D-9FA3-64620B87FBD9}"
EndProject
Project("{FAE04EC0-301F-11D3-BF4B-00C04F79EFBC}") = "App.Public.DTO", "App.Public.DTO\App.Public.DTO.csproj", "{3EB8D17A-2ACF-46CA-BBC8-55D7624B4FF7}"
EndProject
Project("{FAE04EC0-301F-11D3-BF4B-00C04F79EFBC}") = "Testing.WebApp", "Testing.WebApp\Testing.WebApp.csproj", "{B7B0EB50-1D21-498A-AAB0-E0C76AC1E1B8}"
EndProject
Global
	GlobalSection(SolutionConfigurationPlatforms) = preSolution
		Debug|Any CPU = Debug|Any CPU
		Release|Any CPU = Release|Any CPU
	EndGlobalSection
	GlobalSection(ProjectConfigurationPlatforms) = postSolution
		{141D9AA1-4321-4848-BD73-8F4DC0846BDA}.Debug|Any CPU.ActiveCfg = Debug|Any CPU
		{141D9AA1-4321-4848-BD73-8F4DC0846BDA}.Debug|Any CPU.Build.0 = Debug|Any CPU
		{141D9AA1-4321-4848-BD73-8F4DC0846BDA}.Release|Any CPU.ActiveCfg = Release|Any CPU
		{141D9AA1-4321-4848-BD73-8F4DC0846BDA}.Release|Any CPU.Build.0 = Release|Any CPU
		{2053D940-BD2E-4BDE-A61A-23A22E017ED5}.Debug|Any CPU.ActiveCfg = Debug|Any CPU
		{2053D940-BD2E-4BDE-A61A-23A22E017ED5}.Debug|Any CPU.Build.0 = Debug|Any CPU
		{2053D940-BD2E-4BDE-A61A-23A22E017ED5}.Release|Any CPU.ActiveCfg = Release|Any CPU
		{2053D940-BD2E-4BDE-A61A-23A22E017ED5}.Release|Any CPU.Build.0 = Release|Any CPU
		{8C61D429-6C28-425E-8587-28E5CAC43578}.Debug|Any CPU.ActiveCfg = Debug|Any CPU
		{8C61D429-6C28-425E-8587-28E5CAC43578}.Debug|Any CPU.Build.0 = Debug|Any CPU
		{8C61D429-6C28-425E-8587-28E5CAC43578}.Release|Any CPU.ActiveCfg = Release|Any CPU
		{8C61D429-6C28-425E-8587-28E5CAC43578}.Release|Any CPU.Build.0 = Release|Any CPU
		{8E080AD5-DE18-45CA-903A-67A7E42B4C4F}.Debug|Any CPU.ActiveCfg = Debug|Any CPU
		{8E080AD5-DE18-45CA-903A-67A7E42B4C4F}.Debug|Any CPU.Build.0 = Debug|Any CPU
		{8E080AD5-DE18-45CA-903A-67A7E42B4C4F}.Release|Any CPU.ActiveCfg = Release|Any CPU
		{8E080AD5-DE18-45CA-903A-67A7E42B4C4F}.Release|Any CPU.Build.0 = Release|Any CPU
		{442CA53A-0E37-4313-A07D-E84433B924F0}.Debug|Any CPU.ActiveCfg = Debug|Any CPU
		{442CA53A-0E37-4313-A07D-E84433B924F0}.Debug|Any CPU.Build.0 = Debug|Any CPU
		{442CA53A-0E37-4313-A07D-E84433B924F0}.Release|Any CPU.ActiveCfg = Release|Any CPU
		{442CA53A-0E37-4313-A07D-E84433B924F0}.Release|Any CPU.Build.0 = Release|Any CPU
		{59B7ACEB-FC67-4723-BEF1-8A51DB5CDF27}.Debug|Any CPU.ActiveCfg = Debug|Any CPU
		{59B7ACEB-FC67-4723-BEF1-8A51DB5CDF27}.Debug|Any CPU.Build.0 = Debug|Any CPU
		{59B7ACEB-FC67-4723-BEF1-8A51DB5CDF27}.Release|Any CPU.ActiveCfg = Release|Any CPU
		{59B7ACEB-FC67-4723-BEF1-8A51DB5CDF27}.Release|Any CPU.Build.0 = Release|Any CPU
		{A903DC6E-C5F3-41AF-BF20-68F07CF8634D}.Debug|Any CPU.ActiveCfg = Debug|Any CPU
		{A903DC6E-C5F3-41AF-BF20-68F07CF8634D}.Debug|Any CPU.Build.0 = Debug|Any CPU
		{A903DC6E-C5F3-41AF-BF20-68F07CF8634D}.Release|Any CPU.ActiveCfg = Release|Any CPU
		{A903DC6E-C5F3-41AF-BF20-68F07CF8634D}.Release|Any CPU.Build.0 = Release|Any CPU
		{F7230365-AD1F-47C5-966C-FCF97C0A9DA6}.Debug|Any CPU.ActiveCfg = Debug|Any CPU
		{F7230365-AD1F-47C5-966C-FCF97C0A9DA6}.Debug|Any CPU.Build.0 = Debug|Any CPU
		{F7230365-AD1F-47C5-966C-FCF97C0A9DA6}.Release|Any CPU.ActiveCfg = Release|Any CPU
		{F7230365-AD1F-47C5-966C-FCF97C0A9DA6}.Release|Any CPU.Build.0 = Release|Any CPU
		{A754F3E0-1FAF-43A9-A35F-DBB7B0FC1F2B}.Debug|Any CPU.ActiveCfg = Debug|Any CPU
		{A754F3E0-1FAF-43A9-A35F-DBB7B0FC1F2B}.Debug|Any CPU.Build.0 = Debug|Any CPU
		{A754F3E0-1FAF-43A9-A35F-DBB7B0FC1F2B}.Release|Any CPU.ActiveCfg = Release|Any CPU
		{A754F3E0-1FAF-43A9-A35F-DBB7B0FC1F2B}.Release|Any CPU.Build.0 = Release|Any CPU
		{B44A2B1B-04E1-4AB4-AAD4-55BC340928D1}.Debug|Any CPU.ActiveCfg = Debug|Any CPU
		{B44A2B1B-04E1-4AB4-AAD4-55BC340928D1}.Debug|Any CPU.Build.0 = Debug|Any CPU
		{B44A2B1B-04E1-4AB4-AAD4-55BC340928D1}.Release|Any CPU.ActiveCfg = Release|Any CPU
		{B44A2B1B-04E1-4AB4-AAD4-55BC340928D1}.Release|Any CPU.Build.0 = Release|Any CPU
		{FBF76B98-42E9-4644-8EE2-960D784EA04F}.Debug|Any CPU.ActiveCfg = Debug|Any CPU
		{FBF76B98-42E9-4644-8EE2-960D784EA04F}.Debug|Any CPU.Build.0 = Debug|Any CPU
		{FBF76B98-42E9-4644-8EE2-960D784EA04F}.Release|Any CPU.ActiveCfg = Release|Any CPU
		{FBF76B98-42E9-4644-8EE2-960D784EA04F}.Release|Any CPU.Build.0 = Release|Any CPU
		{E5680C09-C196-43BD-A668-B2D77D4DA035}.Debug|Any CPU.ActiveCfg = Debug|Any CPU
		{E5680C09-C196-43BD-A668-B2D77D4DA035}.Debug|Any CPU.Build.0 = Debug|Any CPU
		{E5680C09-C196-43BD-A668-B2D77D4DA035}.Release|Any CPU.ActiveCfg = Release|Any CPU
		{E5680C09-C196-43BD-A668-B2D77D4DA035}.Release|Any CPU.Build.0 = Release|Any CPU
		{7F0199D8-3A66-457F-9973-4A5635AF1285}.Debug|Any CPU.ActiveCfg = Debug|Any CPU
		{7F0199D8-3A66-457F-9973-4A5635AF1285}.Debug|Any CPU.Build.0 = Debug|Any CPU
		{7F0199D8-3A66-457F-9973-4A5635AF1285}.Release|Any CPU.ActiveCfg = Release|Any CPU
		{7F0199D8-3A66-457F-9973-4A5635AF1285}.Release|Any CPU.Build.0 = Release|Any CPU
		{D754FDC0-6BF3-4FC4-B591-9767458E0478}.Debug|Any CPU.ActiveCfg = Debug|Any CPU
		{D754FDC0-6BF3-4FC4-B591-9767458E0478}.Debug|Any CPU.Build.0 = Debug|Any CPU
		{D754FDC0-6BF3-4FC4-B591-9767458E0478}.Release|Any CPU.ActiveCfg = Release|Any CPU
		{D754FDC0-6BF3-4FC4-B591-9767458E0478}.Release|Any CPU.Build.0 = Release|Any CPU
		{7C9DA3A2-614E-4495-9BB5-6DF2340F328B}.Debug|Any CPU.ActiveCfg = Debug|Any CPU
		{7C9DA3A2-614E-4495-9BB5-6DF2340F328B}.Debug|Any CPU.Build.0 = Debug|Any CPU
		{7C9DA3A2-614E-4495-9BB5-6DF2340F328B}.Release|Any CPU.ActiveCfg = Release|Any CPU
		{7C9DA3A2-614E-4495-9BB5-6DF2340F328B}.Release|Any CPU.Build.0 = Release|Any CPU
		{F7E848AA-DFC4-4117-A6CF-0F54783E22DF}.Debug|Any CPU.ActiveCfg = Debug|Any CPU
		{F7E848AA-DFC4-4117-A6CF-0F54783E22DF}.Debug|Any CPU.Build.0 = Debug|Any CPU
		{F7E848AA-DFC4-4117-A6CF-0F54783E22DF}.Release|Any CPU.ActiveCfg = Release|Any CPU
		{F7E848AA-DFC4-4117-A6CF-0F54783E22DF}.Release|Any CPU.Build.0 = Release|Any CPU
		{7F7D3903-E8F4-4CA4-B3AB-0714AB8D55F4}.Debug|Any CPU.ActiveCfg = Debug|Any CPU
		{7F7D3903-E8F4-4CA4-B3AB-0714AB8D55F4}.Debug|Any CPU.Build.0 = Debug|Any CPU
		{7F7D3903-E8F4-4CA4-B3AB-0714AB8D55F4}.Release|Any CPU.ActiveCfg = Release|Any CPU
		{7F7D3903-E8F4-4CA4-B3AB-0714AB8D55F4}.Release|Any CPU.Build.0 = Release|Any CPU
		{08F6CC76-ADBC-4C22-A8BE-35CB09398D2C}.Debug|Any CPU.ActiveCfg = Debug|Any CPU
		{08F6CC76-ADBC-4C22-A8BE-35CB09398D2C}.Debug|Any CPU.Build.0 = Debug|Any CPU
		{08F6CC76-ADBC-4C22-A8BE-35CB09398D2C}.Release|Any CPU.ActiveCfg = Release|Any CPU
		{08F6CC76-ADBC-4C22-A8BE-35CB09398D2C}.Release|Any CPU.Build.0 = Release|Any CPU
		{9A627BF0-CC9B-448D-9FA3-64620B87FBD9}.Debug|Any CPU.ActiveCfg = Debug|Any CPU
		{9A627BF0-CC9B-448D-9FA3-64620B87FBD9}.Debug|Any CPU.Build.0 = Debug|Any CPU
		{9A627BF0-CC9B-448D-9FA3-64620B87FBD9}.Release|Any CPU.ActiveCfg = Release|Any CPU
		{9A627BF0-CC9B-448D-9FA3-64620B87FBD9}.Release|Any CPU.Build.0 = Release|Any CPU
		{3EB8D17A-2ACF-46CA-BBC8-55D7624B4FF7}.Debug|Any CPU.ActiveCfg = Debug|Any CPU
		{3EB8D17A-2ACF-46CA-BBC8-55D7624B4FF7}.Debug|Any CPU.Build.0 = Debug|Any CPU
		{3EB8D17A-2ACF-46CA-BBC8-55D7624B4FF7}.Release|Any CPU.ActiveCfg = Release|Any CPU
		{3EB8D17A-2ACF-46CA-BBC8-55D7624B4FF7}.Release|Any CPU.Build.0 = Release|Any CPU
		{B7B0EB50-1D21-498A-AAB0-E0C76AC1E1B8}.Debug|Any CPU.ActiveCfg = Debug|Any CPU
		{B7B0EB50-1D21-498A-AAB0-E0C76AC1E1B8}.Debug|Any CPU.Build.0 = Debug|Any CPU
		{B7B0EB50-1D21-498A-AAB0-E0C76AC1E1B8}.Release|Any CPU.ActiveCfg = Release|Any CPU
		{B7B0EB50-1D21-498A-AAB0-E0C76AC1E1B8}.Release|Any CPU.Build.0 = Release|Any CPU
	EndGlobalSection
	GlobalSection(NestedProjects) = preSolution
		{141D9AA1-4321-4848-BD73-8F4DC0846BDA} = {30F6E48C-9ED1-4FD5-B447-CB310BDF0496}
		{2053D940-BD2E-4BDE-A61A-23A22E017ED5} = {1C3F8148-96C9-4BA8-9919-6CD8C4D61466}
		{8C61D429-6C28-425E-8587-28E5CAC43578} = {3C6437A9-6D2B-455C-845A-135DB974C8ED}
		{8E080AD5-DE18-45CA-903A-67A7E42B4C4F} = {30F6E48C-9ED1-4FD5-B447-CB310BDF0496}
		{442CA53A-0E37-4313-A07D-E84433B924F0} = {30F6E48C-9ED1-4FD5-B447-CB310BDF0496}
		{59B7ACEB-FC67-4723-BEF1-8A51DB5CDF27} = {30F6E48C-9ED1-4FD5-B447-CB310BDF0496}
		{A903DC6E-C5F3-41AF-BF20-68F07CF8634D} = {30F6E48C-9ED1-4FD5-B447-CB310BDF0496}
		{F7230365-AD1F-47C5-966C-FCF97C0A9DA6} = {3C6437A9-6D2B-455C-845A-135DB974C8ED}
		{A754F3E0-1FAF-43A9-A35F-DBB7B0FC1F2B} = {1C3F8148-96C9-4BA8-9919-6CD8C4D61466}
		{B44A2B1B-04E1-4AB4-AAD4-55BC340928D1} = {1C3F8148-96C9-4BA8-9919-6CD8C4D61466}
		{FBF76B98-42E9-4644-8EE2-960D784EA04F} = {1C3F8148-96C9-4BA8-9919-6CD8C4D61466}
		{E5680C09-C196-43BD-A668-B2D77D4DA035} = {3C6437A9-6D2B-455C-845A-135DB974C8ED}
		{7F0199D8-3A66-457F-9973-4A5635AF1285} = {3C6437A9-6D2B-455C-845A-135DB974C8ED}
		{D754FDC0-6BF3-4FC4-B591-9767458E0478} = {1C3F8148-96C9-4BA8-9919-6CD8C4D61466}
		{7C9DA3A2-614E-4495-9BB5-6DF2340F328B} = {1C3F8148-96C9-4BA8-9919-6CD8C4D61466}
		{F7E848AA-DFC4-4117-A6CF-0F54783E22DF} = {30F6E48C-9ED1-4FD5-B447-CB310BDF0496}
		{7F7D3903-E8F4-4CA4-B3AB-0714AB8D55F4} = {30F6E48C-9ED1-4FD5-B447-CB310BDF0496}
		{08F6CC76-ADBC-4C22-A8BE-35CB09398D2C} = {30F6E48C-9ED1-4FD5-B447-CB310BDF0496}
		{9A627BF0-CC9B-448D-9FA3-64620B87FBD9} = {30F6E48C-9ED1-4FD5-B447-CB310BDF0496}
		{3EB8D17A-2ACF-46CA-BBC8-55D7624B4FF7} = {30F6E48C-9ED1-4FD5-B447-CB310BDF0496}
	EndGlobalSection
EndGlobal
